
Microsoft Visual Studio Solution File, Format Version 12.00
# Visual Studio Version 16
VisualStudioVersion = 16.0.32630.194
MinimumVisualStudioVersion = 10.0.40219.1
Project("{FAE04EC0-301F-11D3-BF4B-00C04F79EFBC}") = "Hello-World2", "Hello-World2\Hello-World2.csproj", "{9FDCDB5F-29F5-4B99-885E-A20AED789BBC}"
EndProject
Global
	GlobalSection(SolutionConfigurationPlatforms) = preSolution
		Debug|Any CPU = Debug|Any CPU
		Release|Any CPU = Release|Any CPU
	EndGlobalSection
	GlobalSection(ProjectConfigurationPlatforms) = postSolution
		{9FDCDB5F-29F5-4B99-885E-A20AED789BBC}.Debug|Any CPU.ActiveCfg = Debug|Any CPU
		{9FDCDB5F-29F5-4B99-885E-A20AED789BBC}.Debug|Any CPU.Build.0 = Debug|Any CPU
		{9FDCDB5F-29F5-4B99-885E-A20AED789BBC}.Release|Any CPU.ActiveCfg = Release|Any CPU
		{9FDCDB5F-29F5-4B99-885E-A20AED789BBC}.Release|Any CPU.Build.0 = Release|Any CPU
	EndGlobalSection
	GlobalSection(SolutionProperties) = preSolution
		HideSolutionNode = FALSE
	EndGlobalSection
	GlobalSection(ExtensibilityGlobals) = postSolution
		SolutionGuid = {A539FB2D-3886-4A2D-AC9C-FB1D9DB48038}
	EndGlobalSection
EndGlobal
